<?xml version="1.0" encoding="UTF-8"?>
<Scheme
   version = "1.3">
   <BuildAction>
      <BuildActionEntries>
         <BuildActionEntry
            buildForRunning = "YES">
            <BuildableReference
               BuildableIdentifier = "primary"
               BlueprintIdentifier = "E1ADE7191D1D00D700861693"
               BuildableName = "BDSClientSample.app"
               BlueprintName = "BDSClientSample"
               ReferencedContainer = "container:BDSClientSample.xcodeproj">
            </BuildableReference>
         </BuildActionEntry>
      </BuildActionEntries>
   </BuildAction>
   <LaunchAction
      useCustomWorkingDirectory = "NO"
      buildConfiguration = "Debug">
      <BuildableProductRunnable>
         <BuildableReference
            BuildableIdentifier = "primary"
            BlueprintIdentifier = "E1ADE7191D1D00D700861693"
            BuildableName = "BDSClientSample.app"
            BlueprintName = "BDSClientSample"
            ReferencedContainer = "container:BDSClientSample.xcodeproj">
         </BuildableReference>
      </BuildableProductRunnable>
   </LaunchAction>
</Scheme>
